
Microsoft Visual Studio Solution File, Format Version 12.00
# Visual Studio Version 17
VisualStudioVersion = 17.2.32630.192
MinimumVisualStudioVersion = 10.0.40219.1
Project("{2150E333-8FDC-42A3-9474-1A3956D46DE8}") = "src", "src", "{03720CF8-7F88-42B2-AA38-25A03FB2F9A4}"
EndProject
Project("{6EC3EE1D-3C4E-46DD-8F32-0CC8E7565705}") = "Aardvark.Dom", "src\Aardvark.Dom\Aardvark.Dom.fsproj", "{1528B1AA-2587-441F-B3F8-49FF2A6ED273}"
EndProject
Project("{6EC3EE1D-3C4E-46DD-8F32-0CC8E7565705}") = "Demo", "src\Demo\Demo.fsproj", "{A15E72EF-A0F2-490C-900F-3E0039F02AE4}"
EndProject
Project("{6EC3EE1D-3C4E-46DD-8F32-0CC8E7565705}") = "Aardvark.Dom.Remote", "src\Aardvark.Dom.Remote\Aardvark.Dom.Remote.fsproj", "{2FEA70EA-80E2-4FCD-A760-CE5C28071E1B}"
EndProject
Project("{6EC3EE1D-3C4E-46DD-8F32-0CC8E7565705}") = "Aardvark.Dom.Giraffe", "src\Aardvark.Dom.Giraffe\Aardvark.Dom.Giraffe.fsproj", "{B7E2D4FE-AE42-4854-8221-591AFF18A2A0}"
EndProject
Project("{6EC3EE1D-3C4E-46DD-8F32-0CC8E7565705}") = "Aardvark.Dom.Elm", "src\Aardvark.Dom.Elm\Aardvark.Dom.Elm.fsproj", "{6D049923-19A4-4C94-8227-53EDBE0DDA86}"
EndProject
Project("{F2A71F9B-5D33-465A-A702-920D77279786}") = "Aardvark.Dom.Remote.Core", "src\Aardvark.Dom.Remote.Core\Aardvark.Dom.Remote.Core.fsproj", "{003C9BBF-798E-4682-9BB4-2163F6B7A0D8}"
EndProject
Global
	GlobalSection(SolutionConfigurationPlatforms) = preSolution
		Debug|Any CPU = Debug|Any CPU
		Release|Any CPU = Release|Any CPU
	EndGlobalSection
	GlobalSection(ProjectConfigurationPlatforms) = postSolution
		{1528B1AA-2587-441F-B3F8-49FF2A6ED273}.Debug|Any CPU.ActiveCfg = Debug|Any CPU
		{1528B1AA-2587-441F-B3F8-49FF2A6ED273}.Debug|Any CPU.Build.0 = Debug|Any CPU
		{1528B1AA-2587-441F-B3F8-49FF2A6ED273}.Release|Any CPU.ActiveCfg = Release|Any CPU
		{1528B1AA-2587-441F-B3F8-49FF2A6ED273}.Release|Any CPU.Build.0 = Release|Any CPU
		{A15E72EF-A0F2-490C-900F-3E0039F02AE4}.Debug|Any CPU.ActiveCfg = Debug|Any CPU
		{A15E72EF-A0F2-490C-900F-3E0039F02AE4}.Debug|Any CPU.Build.0 = Debug|Any CPU
		{A15E72EF-A0F2-490C-900F-3E0039F02AE4}.Release|Any CPU.ActiveCfg = Release|Any CPU
		{A15E72EF-A0F2-490C-900F-3E0039F02AE4}.Release|Any CPU.Build.0 = Release|Any CPU
		{2FEA70EA-80E2-4FCD-A760-CE5C28071E1B}.Debug|Any CPU.ActiveCfg = Debug|Any CPU
		{2FEA70EA-80E2-4FCD-A760-CE5C28071E1B}.Debug|Any CPU.Build.0 = Debug|Any CPU
		{2FEA70EA-80E2-4FCD-A760-CE5C28071E1B}.Release|Any CPU.ActiveCfg = Release|Any CPU
		{2FEA70EA-80E2-4FCD-A760-CE5C28071E1B}.Release|Any CPU.Build.0 = Release|Any CPU
		{B7E2D4FE-AE42-4854-8221-591AFF18A2A0}.Debug|Any CPU.ActiveCfg = Debug|Any CPU
		{B7E2D4FE-AE42-4854-8221-591AFF18A2A0}.Debug|Any CPU.Build.0 = Debug|Any CPU
		{B7E2D4FE-AE42-4854-8221-591AFF18A2A0}.Release|Any CPU.ActiveCfg = Release|Any CPU
		{B7E2D4FE-AE42-4854-8221-591AFF18A2A0}.Release|Any CPU.Build.0 = Release|Any CPU
		{6D049923-19A4-4C94-8227-53EDBE0DDA86}.Debug|Any CPU.ActiveCfg = Debug|Any CPU
		{6D049923-19A4-4C94-8227-53EDBE0DDA86}.Debug|Any CPU.Build.0 = Debug|Any CPU
		{6D049923-19A4-4C94-8227-53EDBE0DDA86}.Release|Any CPU.ActiveCfg = Release|Any CPU
		{6D049923-19A4-4C94-8227-53EDBE0DDA86}.Release|Any CPU.Build.0 = Release|Any CPU
		{003C9BBF-798E-4682-9BB4-2163F6B7A0D8}.Debug|Any CPU.ActiveCfg = Debug|Any CPU
		{003C9BBF-798E-4682-9BB4-2163F6B7A0D8}.Debug|Any CPU.Build.0 = Debug|Any CPU
		{003C9BBF-798E-4682-9BB4-2163F6B7A0D8}.Release|Any CPU.ActiveCfg = Release|Any CPU
		{003C9BBF-798E-4682-9BB4-2163F6B7A0D8}.Release|Any CPU.Build.0 = Release|Any CPU
	EndGlobalSection
	GlobalSection(SolutionProperties) = preSolution
		HideSolutionNode = FALSE
	EndGlobalSection
	GlobalSection(NestedProjects) = preSolution
		{1528B1AA-2587-441F-B3F8-49FF2A6ED273} = {03720CF8-7F88-42B2-AA38-25A03FB2F9A4}
		{A15E72EF-A0F2-490C-900F-3E0039F02AE4} = {03720CF8-7F88-42B2-AA38-25A03FB2F9A4}
		{2FEA70EA-80E2-4FCD-A760-CE5C28071E1B} = {03720CF8-7F88-42B2-AA38-25A03FB2F9A4}
		{B7E2D4FE-AE42-4854-8221-591AFF18A2A0} = {03720CF8-7F88-42B2-AA38-25A03FB2F9A4}
		{6D049923-19A4-4C94-8227-53EDBE0DDA86} = {03720CF8-7F88-42B2-AA38-25A03FB2F9A4}
		{003C9BBF-798E-4682-9BB4-2163F6B7A0D8} = {03720CF8-7F88-42B2-AA38-25A03FB2F9A4}
	EndGlobalSection
	GlobalSection(ExtensibilityGlobals) = postSolution
		SolutionGuid = {7ADD391C-3926-4C2A-8988-9DDB4A4339CA}
	EndGlobalSection
EndGlobal
